
Microsoft Visual Studio Solution File, Format Version 12.00
# Visual Studio Version 17
VisualStudioVersion = 17.0.32112.339
MinimumVisualStudioVersion = 10.0.40219.1
Project("{FAE04EC0-301F-11D3-BF4B-00C04F79EFBC}") = "TheFirm", "TheFirm\TheFirm.csproj", "{B625790C-C886-4408-B1BA-D6A2EDBF7105}"
EndProject
Global
	GlobalSection(SolutionConfigurationPlatforms) = preSolution
		Debug|Any CPU = Debug|Any CPU
		Release|Any CPU = Release|Any CPU
	EndGlobalSection
	GlobalSection(ProjectConfigurationPlatforms) = postSolution
		{B625790C-C886-4408-B1BA-D6A2EDBF7105}.Debug|Any CPU.ActiveCfg = Debug|Any CPU
		{B625790C-C886-4408-B1BA-D6A2EDBF7105}.Debug|Any CPU.Build.0 = Debug|Any CPU
		{B625790C-C886-4408-B1BA-D6A2EDBF7105}.Release|Any CPU.ActiveCfg = Release|Any CPU
		{B625790C-C886-4408-B1BA-D6A2EDBF7105}.Release|Any CPU.Build.0 = Release|Any CPU
	EndGlobalSection
	GlobalSection(SolutionProperties) = preSolution
		HideSolutionNode = FALSE
	EndGlobalSection
	GlobalSection(ExtensibilityGlobals) = postSolution
		SolutionGuid = {A147B21C-7F4C-4AC5-B4E0-0014BEC3142F}
	EndGlobalSection
EndGlobal
